
Microsoft Visual Studio Solution File, Format Version 12.00
# Visual Studio Version 16
VisualStudioVersion = 16.0.30717.126
MinimumVisualStudioVersion = 10.0.40219.1
Project("{FAE04EC0-301F-11D3-BF4B-00C04F79EFBC}") = "ConsumptionWebApp", "ConsumptionWebApp\ConsumptionWebApp.csproj", "{EBD5446B-3F5A-4A10-A55E-F60BCF36404E}"
EndProject
Global
	GlobalSection(SolutionConfigurationPlatforms) = preSolution
		Debug|Any CPU = Debug|Any CPU
		Release|Any CPU = Release|Any CPU
	EndGlobalSection
	GlobalSection(ProjectConfigurationPlatforms) = postSolution
		{EBD5446B-3F5A-4A10-A55E-F60BCF36404E}.Debug|Any CPU.ActiveCfg = Debug|Any CPU
		{EBD5446B-3F5A-4A10-A55E-F60BCF36404E}.Debug|Any CPU.Build.0 = Debug|Any CPU
		{EBD5446B-3F5A-4A10-A55E-F60BCF36404E}.Release|Any CPU.ActiveCfg = Release|Any CPU
		{EBD5446B-3F5A-4A10-A55E-F60BCF36404E}.Release|Any CPU.Build.0 = Release|Any CPU
	EndGlobalSection
	GlobalSection(SolutionProperties) = preSolution
		HideSolutionNode = FALSE
	EndGlobalSection
	GlobalSection(ExtensibilityGlobals) = postSolution
		SolutionGuid = {7AD31012-1E40-40E7-9423-90D523C353DB}
	EndGlobalSection
EndGlobal
